
Microsoft Visual Studio Solution File, Format Version 12.00
# Visual Studio Version 17
VisualStudioVersion = 17.5.002.0
MinimumVisualStudioVersion = 10.0.40219.1
Project("{9A19103F-16F7-4668-BE54-9A1E7A4F7556}") = "auth-service", "auth-service.csproj", "{4D11A070-8FAA-48CF-8772-B0C85541C68B}"
EndProject
Global
	GlobalSection(SolutionConfigurationPlatforms) = preSolution
		Debug|Any CPU = Debug|Any CPU
		Release|Any CPU = Release|Any CPU
	EndGlobalSection
	GlobalSection(ProjectConfigurationPlatforms) = postSolution
		{4D11A070-8FAA-48CF-8772-B0C85541C68B}.Debug|Any CPU.ActiveCfg = Debug|Any CPU
		{4D11A070-8FAA-48CF-8772-B0C85541C68B}.Debug|Any CPU.Build.0 = Debug|Any CPU
		{4D11A070-8FAA-48CF-8772-B0C85541C68B}.Release|Any CPU.ActiveCfg = Release|Any CPU
		{4D11A070-8FAA-48CF-8772-B0C85541C68B}.Release|Any CPU.Build.0 = Release|Any CPU
	EndGlobalSection
	GlobalSection(SolutionProperties) = preSolution
		HideSolutionNode = FALSE
	EndGlobalSection
	GlobalSection(ExtensibilityGlobals) = postSolution
		SolutionGuid = {5D28CCF6-4F55-4F06-A05C-9B6D5BCCA8C0}
	EndGlobalSection
EndGlobal
